
Microsoft Visual Studio Solution File, Format Version 12.00
# Visual Studio Version 17
VisualStudioVersion = 17.7.34202.233
MinimumVisualStudioVersion = 10.0.40219.1
Project("{9A19103F-16F7-4668-BE54-9A1E7A4F7556}") = "TaskEvaluation.Web", "TaskEvaluation.Web\TaskEvaluation.Web.csproj", "{6AC3D942-8654-4C80-A5D5-6E51D176EFB8}"
EndProject
Project("{9A19103F-16F7-4668-BE54-9A1E7A4F7556}") = "TaskEvaluation.Core", "TaskEvaluation.Core\TaskEvaluation.Core.csproj", "{046DA882-A6B0-46CE-81A1-AE5800455B8F}"
EndProject
Project("{9A19103F-16F7-4668-BE54-9A1E7A4F7556}") = "TaskEvaluation.Infrastructure", "TaskEvaluation.Infrastructure\TaskEvaluation.Infrastructure.csproj", "{35652B0E-5589-4512-98CD-298CA2AFCCF9}"
EndProject
Global
	GlobalSection(SolutionConfigurationPlatforms) = preSolution
		Debug|Any CPU = Debug|Any CPU
		Release|Any CPU = Release|Any CPU
	EndGlobalSection
	GlobalSection(ProjectConfigurationPlatforms) = postSolution
		{6AC3D942-8654-4C80-A5D5-6E51D176EFB8}.Debug|Any CPU.ActiveCfg = Debug|Any CPU
		{6AC3D942-8654-4C80-A5D5-6E51D176EFB8}.Debug|Any CPU.Build.0 = Debug|Any CPU
		{6AC3D942-8654-4C80-A5D5-6E51D176EFB8}.Release|Any CPU.ActiveCfg = Release|Any CPU
		{6AC3D942-8654-4C80-A5D5-6E51D176EFB8}.Release|Any CPU.Build.0 = Release|Any CPU
		{046DA882-A6B0-46CE-81A1-AE5800455B8F}.Debug|Any CPU.ActiveCfg = Debug|Any CPU
		{046DA882-A6B0-46CE-81A1-AE5800455B8F}.Debug|Any CPU.Build.0 = Debug|Any CPU
		{046DA882-A6B0-46CE-81A1-AE5800455B8F}.Release|Any CPU.ActiveCfg = Release|Any CPU
		{046DA882-A6B0-46CE-81A1-AE5800455B8F}.Release|Any CPU.Build.0 = Release|Any CPU
		{35652B0E-5589-4512-98CD-298CA2AFCCF9}.Debug|Any CPU.ActiveCfg = Debug|Any CPU
		{35652B0E-5589-4512-98CD-298CA2AFCCF9}.Debug|Any CPU.Build.0 = Debug|Any CPU
		{35652B0E-5589-4512-98CD-298CA2AFCCF9}.Release|Any CPU.ActiveCfg = Release|Any CPU
		{35652B0E-5589-4512-98CD-298CA2AFCCF9}.Release|Any CPU.Build.0 = Release|Any CPU
	EndGlobalSection
	GlobalSection(SolutionProperties) = preSolution
		HideSolutionNode = FALSE
	EndGlobalSection
	GlobalSection(ExtensibilityGlobals) = postSolution
		SolutionGuid = {3A749E5A-6D71-48D6-8804-153E11C9AFDA}
	EndGlobalSection
EndGlobal
